// !$*UTF8*$!
{
	archiveVersion = 1;
	classes = {
	};
	objectVersion = 50;
	objects = {

/* Begin PBXBuildFile section */
		D5887C9124011E2600848019 /* fukidashi10.png in Resources */ = {isa = PBXBuildFile; fileRef = D5887C9024011E2600848019 /* fukidashi10.png */; };
		D5887C9324011E3600848019 /* fukidashi03.png in Resources */ = {isa = PBXBuildFile; fileRef = D5887C9224011E3600848019 /* fukidashi03.png */; };
		D5887C9524011E3F00848019 /* youchien_bag_girl.png in Resources */ = {isa = PBXBuildFile; fileRef = D5887C9424011E3F00848019 /* youchien_bag_girl.png */; };
		D5887C9724011E5200848019 /* job_hoikushi_man.png in Resources */ = {isa = PBXBuildFile; fileRef = D5887C9624011E5200848019 /* job_hoikushi_man.png */; };
		D58A370F24003150005FA62D /* AppDelegate.swift in Sources */ = {isa = PBXBuildFile; fileRef = D58A370E24003150005FA62D /* AppDelegate.swift */; };
		D58A371124003150005FA62D /* ViewController.swift in Sources */ = {isa = PBXBuildFile; fileRef = D58A371024003150005FA62D /* ViewController.swift */; };
		D58A371424003150005FA62D /* Main.storyboard in Resources */ = {isa = PBXBuildFile; fileRef = D58A371224003150005FA62D /* Main.storyboard */; };
		D58A371624003153005FA62D /* Assets.xcassets in Resources */ = {isa = PBXBuildFile; fileRef = D58A371524003153005FA62D /* Assets.xcassets */; };
		D58A371924003153005FA62D /* LaunchScreen.storyboard in Resources */ = {isa = PBXBuildFile; fileRef = D58A371724003153005FA62D /* LaunchScreen.storyboard */; };
		D58A372424003153005FA62D /* convertToHiraganaTests.swift in Sources */ = {isa = PBXBuildFile; fileRef = D58A372324003153005FA62D /* convertToHiraganaTests.swift */; };
		D58A372F24003153005FA62D /* convertToHiraganaUITests.swift in Sources */ = {isa = PBXBuildFile; fileRef = D58A372E24003153005FA62D /* convertToHiraganaUITests.swift */; };
/* End PBXBuildFile section */

/* Begin PBXContainerItemProxy section */
		D58A372024003153005FA62D /* PBXContainerItemProxy */ = {
			isa = PBXContainerItemProxy;
			containerPortal = D58A370324003150005FA62D /* Project object */;
			proxyType = 1;
			remoteGlobalIDString = D58A370A24003150005FA62D;
			remoteInfo = convertToHiragana;
		};
		D58A372B24003153005FA62D /* PBXContainerItemProxy */ = {
			isa = PBXContainerItemProxy;
			containerPortal = D58A370324003150005FA62D /* Project object */;
			proxyType = 1;
			remoteGlobalIDString = D58A370A24003150005FA62D;
			remoteInfo = convertToHiragana;
		};
/* End PBXContainerItemProxy section */

/* Begin PBXFileReference section */
		D5887C9024011E2600848019 /* fukidashi10.png */ = {isa = PBXFileReference; lastKnownFileType = image.png; path = fukidashi10.png; sourceTree = "<group>"; };
		D5887C9224011E3600848019 /* fukidashi03.png */ = {isa = PBXFileReference; lastKnownFileType = image.png; path = fukidashi03.png; sourceTree = "<group>"; };
		D5887C9424011E3F00848019 /* youchien_bag_girl.png */ = {isa = PBXFileReference; lastKnownFileType = image.png; path = youchien_bag_girl.png; sourceTree = "<group>"; };
		D5887C9624011E5200848019 /* job_hoikushi_man.png */ = {isa = PBXFileReference; lastKnownFileType = image.png; path = job_hoikushi_man.png; sourceTree = "<group>"; };
		D58A370B24003150005FA62D /* convertToHiragana.app */ = {isa = PBXFileReference; explicitFileType = wrapper.application; includeInIndex = 0; path = convertToHiragana.app; sourceTree = BUILT_PRODUCTS_DIR; };
		D58A370E24003150005FA62D /* AppDelegate.swift */ = {isa = PBXFileReference; lastKnownFileType = sourcecode.swift; path = AppDelegate.swift; sourceTree = "<group>"; };
		D58A371024003150005FA62D /* ViewController.swift */ = {isa = PBXFileReference; lastKnownFileType = sourcecode.swift; path = ViewController.swift; sourceTree = "<group>"; };
		D58A371324003150005FA62D /* Base */ = {isa = PBXFileReference; lastKnownFileType = file.storyboard; name = Base; path = Base.lproj/Main.storyboard; sourceTree = "<group>"; };
		D58A371524003153005FA62D /* Assets.xcassets */ = {isa = PBXFileReference; lastKnownFileType = folder.assetcatalog; path = Assets.xcassets; sourceTree = "<group>"; };
		D58A371824003153005FA62D /* Base */ = {isa = PBXFileReference; lastKnownFileType = file.storyboard; name = Base; path = Base.lproj/LaunchScreen.storyboard; sourceTree = "<group>"; };
		D58A371A24003153005FA62D /* Info.plist */ = {isa = PBXFileReference; lastKnownFileType = text.plist.xml; path = Info.plist; sourceTree = "<group>"; };
		D58A371F24003153005FA62D /* convertToHiraganaTests.xctest */ = {isa = PBXFileReference; explicitFileType = wrapper.cfbundle; includeInIndex = 0; path = convertToHiraganaTests.xctest; sourceTree = BUILT_PRODUCTS_DIR; };
		D58A372324003153005FA62D /* convertToHiraganaTests.swift */ = {isa = PBXFileReference; lastKnownFileType = sourcecode.swift; path = convertToHiraganaTests.swift; sourceTree = "<group>"; };
		D58A372524003153005FA62D /* Info.plist */ = {isa = PBXFileReference; lastKnownFileType = text.plist.xml; path = Info.plist; sourceTree = "<group>"; };
		D58A372A24003153005FA62D /* convertToHiraganaUITests.xctest */ = {isa = PBXFileReference; explicitFileType = wrapper.cfbundle; includeInIndex = 0; path = convertToHiraganaUITests.xctest; sourceTree = BUILT_PRODUCTS_DIR; };
		D58A372E24003153005FA62D /* convertToHiraganaUITests.swift */ = {isa = PBXFileReference; lastKnownFileType = sourcecode.swift; path = convertToHiraganaUITests.swift; sourceTree = "<group>"; };
		D58A373024003153005FA62D /* Info.plist */ = {isa = PBXFileReference; lastKnownFileType = text.plist.xml; path = Info.plist; sourceTree = "<group>"; };
/* End PBXFileReference section */

/* Begin PBXFrameworksBuildPhase section */
		D58A370824003150005FA62D /* Frameworks */ = {
			isa = PBXFrameworksBuildPhase;
			buildActionMask = 2147483647;
			files = (
			);
			runOnlyForDeploymentPostprocessing = 0;
		};
		D58A371C24003153005FA62D /* Frameworks */ = {
			isa = PBXFrameworksBuildPhase;
			buildActionMask = 2147483647;
			files = (
			);
			runOnlyForDeploymentPostprocessing = 0;
		};
		D58A372724003153005FA62D /* Frameworks */ = {
			isa = PBXFrameworksBuildPhase;
			buildActionMask = 2147483647;
			files = (
			);
			runOnlyForDeploymentPostprocessing = 0;
		};
/* End PBXFrameworksBuildPhase section */

/* Begin PBXGroup section */
		D58A370224003150005FA62D = {
			isa = PBXGroup;
			children = (
				D58A370D24003150005FA62D /* convertToHiragana */,
				D58A372224003153005FA62D /* convertToHiraganaTests */,
				D58A372D24003153005FA62D /* convertToHiraganaUITests */,
				D58A370C24003150005FA62D /* Products */,
				D5887C9024011E2600848019 /* fukidashi10.png */,
				D5887C9224011E3600848019 /* fukidashi03.png */,
				D5887C9424011E3F00848019 /* youchien_bag_girl.png */,
				D5887C9624011E5200848019 /* job_hoikushi_man.png */,
			);
			sourceTree = "<group>";
		};
		D58A370C24003150005FA62D /* Products */ = {
			isa = PBXGroup;
			children = (
				D58A370B24003150005FA62D /* convertToHiragana.app */,
				D58A371F24003153005FA62D /* convertToHiraganaTests.xctest */,
				D58A372A24003153005FA62D /* convertToHiraganaUITests.xctest */,
			);
			name = Products;
			sourceTree = "<group>";
		};
		D58A370D24003150005FA62D /* convertToHiragana */ = {
			isa = PBXGroup;
			children = (
				D58A370E24003150005FA62D /* AppDelegate.swift */,
				D58A371024003150005FA62D /* ViewController.swift */,
				D58A371224003150005FA62D /* Main.storyboard */,
				D58A371524003153005FA62D /* Assets.xcassets */,
				D58A371724003153005FA62D /* LaunchScreen.storyboard */,
				D58A371A24003153005FA62D /* Info.plist */,
			);
			path = convertToHiragana;
			sourceTree = "<group>";
		};
		D58A372224003153005FA62D /* convertToHiraganaTests */ = {
			isa = PBXGroup;
			children = (
				D58A372324003153005FA62D /* convertToHiraganaTests.swift */,
				D58A372524003153005FA62D /* Info.plist */,
			);
			path = convertToHiraganaTests;
			sourceTree = "<group>";
		};
		D58A372D24003153005FA62D /* convertToHiraganaUITests */ = {
			isa = PBXGroup;
			children = (
				D58A372E24003153005FA62D /* convertToHiraganaUITests.swift */,
				D58A373024003153005FA62D /* Info.plist */,
			);
			path = convertToHiraganaUITests;
			sourceTree = "<group>";
		};
/* End PBXGroup section */

/* Begin PBXNativeTarget section */
		D58A370A24003150005FA62D /* convertToHiragana */ = {
			isa = PBXNativeTarget;
			buildConfigurationList = D58A373324003153005FA62D /* Build configuration list for PBXNativeTarget "convertToHiragana" */;
			buildPhases = (
				D58A370724003150005FA62D /* Sources */,
				D58A370824003150005FA62D /* Frameworks */,
				D58A370924003150005FA62D /* Resources */,
			);
			buildRules = (
			);
			dependencies = (
			);
			name = convertToHiragana;
			productName = convertToHiragana;
			productReference = D58A370B24003150005FA62D /* convertToHiragana.app */;
			productType = "com.apple.product-type.application";
		};
		D58A371E24003153005FA62D /* convertToHiraganaTests */ = {
			isa = PBXNativeTarget;
			buildConfigurationList = D58A373624003153005FA62D /* Build configuration list for PBXNativeTarget "convertToHiraganaTests" */;
			buildPhases = (
				D58A371B24003153005FA62D /* Sources */,
				D58A371C24003153005FA62D /* Frameworks */,
				D58A371D24003153005FA62D /* Resources */,
			);
			buildRules = (
			);
			dependencies = (
				D58A372124003153005FA62D /* PBXTargetDependency */,
			);
			name = convertToHiraganaTests;
			productName = convertToHiraganaTests;
			productReference = D58A371F24003153005FA62D /* convertToHiraganaTests.xctest */;
			productType = "com.apple.product-type.bundle.unit-test";
		};
		D58A372924003153005FA62D /* convertToHiraganaUITests */ = {
			isa = PBXNativeTarget;
			buildConfigurationList = D58A373924003153005FA62D /* Build configuration list for PBXNativeTarget "convertToHiraganaUITests" */;
			buildPhases = (
				D58A372624003153005FA62D /* Sources */,
				D58A372724003153005FA62D /* Frameworks */,
				D58A372824003153005FA62D /* Resources */,
			);
			buildRules = (
			);
			dependencies = (
				D58A372C24003153005FA62D /* PBXTargetDependency */,
			);
			name = convertToHiraganaUITests;
			productName = convertToHiraganaUITests;
			productReference = D58A372A24003153005FA62D /* convertToHiraganaUITests.xctest */;
			productType = "com.apple.product-type.bundle.ui-testing";
		};
/* End PBXNativeTarget section */

/* Begin PBXProject section */
		D58A370324003150005FA62D /* Project object */ = {
			isa = PBXProject;
			attributes = {
				LastSwiftUpdateCheck = 1020;
				LastUpgradeCheck = 1020;
				ORGANIZATIONNAME = "はるうさ";
				TargetAttributes = {
					D58A370A24003150005FA62D = {
						CreatedOnToolsVersion = 10.2;
					};
					D58A371E24003153005FA62D = {
						CreatedOnToolsVersion = 10.2;
						TestTargetID = D58A370A24003150005FA62D;
					};
					D58A372924003153005FA62D = {
						CreatedOnToolsVersion = 10.2;
						TestTargetID = D58A370A24003150005FA62D;
					};
				};
			};
			buildConfigurationList = D58A370624003150005FA62D /* Build configuration list for PBXProject "convertToHiragana" */;
			compatibilityVersion = "Xcode 9.3";
			developmentRegion = en;
			hasScannedForEncodings = 0;
			knownRegions = (
				en,
				Base,
			);
			mainGroup = D58A370224003150005FA62D;
			productRefGroup = D58A370C24003150005FA62D /* Products */;
			projectDirPath = "";
			projectRoot = "";
			targets = (
				D58A370A24003150005FA62D /* convertToHiragana */,
				D58A371E24003153005FA62D /* convertToHiraganaTests */,
				D58A372924003153005FA62D /* convertToHiraganaUITests */,
			);
		};
/* End PBXProject section */

/* Begin PBXResourcesBuildPhase section */
		D58A370924003150005FA62D /* Resources */ = {
			isa = PBXResourcesBuildPhase;
			buildActionMask = 2147483647;
			files = (
				D58A371924003153005FA62D /* LaunchScreen.storyboard in Resources */,
				D58A371624003153005FA62D /* Assets.xcassets in Resources */,
				D5887C9724011E5200848019 /* job_hoikushi_man.png in Resources */,
				D58A371424003150005FA62D /* Main.storyboard in Resources */,
				D5887C9324011E3600848019 /* fukidashi03.png in Resources */,
				D5887C9524011E3F00848019 /* youchien_bag_girl.png in Resources */,
				D5887C9124011E2600848019 /* fukidashi10.png in Resources */,
			);
			runOnlyForDeploymentPostprocessing = 0;
		};
		D58A371D24003153005FA62D /* Resources */ = {
			isa = PBXResourcesBuildPhase;
			buildActionMask = 2147483647;
			files = (
			);
			runOnlyForDeploymentPostprocessing = 0;
		};
		D58A372824003153005FA62D /* Resources */ = {
			isa = PBXResourcesBuildPhase;
			buildActionMask = 2147483647;
			files = (
			);
			runOnlyForDeploymentPostprocessing = 0;
		};
/* End PBXResourcesBuildPhase section */

/* Begin PBXSourcesBuildPhase section */
		D58A370724003150005FA62D /* Sources */ = {
			isa = PBXSourcesBuildPhase;
			buildActionMask = 2147483647;
			files = (
				D58A371124003150005FA62D /* ViewController.swift in Sources */,
				D58A370F24003150005FA62D /* AppDelegate.swift in Sources */,
			);
			runOnlyForDeploymentPostprocessing = 0;
		};
		D58A371B24003153005FA62D /* Sources */ = {
			isa = PBXSourcesBuildPhase;
			buildActionMask = 2147483647;
			files = (
				D58A372424003153005FA62D /* convertToHiraganaTests.swift in Sources */,
			);
			runOnlyForDeploymentPostprocessing = 0;
		};
		D58A372624003153005FA62D /* Sources */ = {
			isa = PBXSourcesBuildPhase;
			buildActionMask = 2147483647;
			files = (
				D58A372F24003153005FA62D /* convertToHiraganaUITests.swift in Sources */,
			);
			runOnlyForDeploymentPostprocessing = 0;
		};
/* End PBXSourcesBuildPhase section */

/* Begin PBXTargetDependency section */
		D58A372124003153005FA62D /* PBXTargetDependency */ = {
			isa = PBXTargetDependency;
			target = D58A370A24003150005FA62D /* convertToHiragana */;
			targetProxy = D58A372024003153005FA62D /* PBXContainerItemProxy */;
		};
		D58A372C24003153005FA62D /* PBXTargetDependency */ = {
			isa = PBXTargetDependency;
			target = D58A370A24003150005FA62D /* convertToHiragana */;
			targetProxy = D58A372B24003153005FA62D /* PBXContainerItemProxy */;
		};
/* End PBXTargetDependency section */

/* Begin PBXVariantGroup section */
		D58A371224003150005FA62D /* Main.storyboard */ = {
			isa = PBXVariantGroup;
			children = (
				D58A371324003150005FA62D /* Base */,
			);
			name = Main.storyboard;
			sourceTree = "<group>";
		};
		D58A371724003153005FA62D /* LaunchScreen.storyboard */ = {
			isa = PBXVariantGroup;
			children = (
				D58A371824003153005FA62D /* Base */,
			);
			name = LaunchScreen.storyboard;
			sourceTree = "<group>";
		};
/* End PBXVariantGroup section */

/* Begin XCBuildConfiguration section */
		D58A373124003153005FA62D /* Debug */ = {
			isa = XCBuildConfiguration;
			buildSettings = {
				ALWAYS_SEARCH_USER_PATHS = NO;
				CLANG_ANALYZER_NONNULL = YES;
				CLANG_ANALYZER_NUMBER_OBJECT_CONVERSION = YES_AGGRESSIVE;
				CLANG_CXX_LANGUAGE_STANDARD = "gnu++14";
				CLANG_CXX_LIBRARY = "libc++";
				CLANG_ENABLE_MODULES = YES;
				CLANG_ENABLE_OBJC_ARC = YES;
				CLANG_ENABLE_OBJC_WEAK = YES;
				CLANG_WARN_BLOCK_CAPTURE_AUTORELEASING = YES;
				CLANG_WARN_BOOL_CONVERSION = YES;
				CLANG_WARN_COMMA = YES;
				CLANG_WARN_CONSTANT_CONVERSION = YES;
				CLANG_WARN_DEPRECATED_OBJC_IMPLEMENTATIONS = YES;
				CLANG_WARN_DIRECT_OBJC_ISA_USAGE = YES_ERROR;
				CLANG_WARN_DOCUMENTATION_COMMENTS = YES;
				CLANG_WARN_EMPTY_BODY = YES;
				CLANG_WARN_ENUM_CONVERSION = YES;
				CLANG_WARN_INFINITE_RECURSION = YES;
				CLANG_WARN_INT_CONVERSION = YES;
				CLANG_WARN_NON_LITERAL_NULL_CONVERSION = YES;
				CLANG_WARN_OBJC_IMPLICIT_RETAIN_SELF = YES;
				CLANG_WARN_OBJC_LITERAL_CONVERSION = YES;
				CLANG_WARN_OBJC_ROOT_CLASS = YES_ERROR;
				CLANG_WARN_RANGE_LOOP_ANALYSIS = YES;
				CLANG_WARN_STRICT_PROTOTYPES = YES;
				CLANG_WARN_SUSPICIOUS_MOVE = YES;
				CLANG_WARN_UNGUARDED_AVAILABILITY = YES_AGGRESSIVE;
				CLANG_WARN_UNREACHABLE_CODE = YES;
				CLANG_WARN__DUPLICATE_METHOD_MATCH = YES;
				CODE_SIGN_IDENTITY = "iPhone Developer";
				COPY_PHASE_STRIP = NO;
				DEBUG_INFORMATION_FORMAT = dwarf;
				ENABLE_STRICT_OBJC_MSGSEND = YES;
				ENABLE_TESTABILITY = YES;
				GCC_C_LANGUAGE_STANDARD = gnu11;
				GCC_DYNAMIC_NO_PIC = NO;
				GCC_NO_COMMON_BLOCKS = YES;
				GCC_OPTIMIZATION_LEVEL = 0;
				GCC_PREPROCESSOR_DEFINITIONS = (
					"DEBUG=1",
					"$(inherited)",
				);
				GCC_WARN_64_TO_32_BIT_CONVERSION = YES;
				GCC_WARN_ABOUT_RETURN_TYPE = YES_ERROR;
				GCC_WARN_UNDECLARED_SELECTOR = YES;
				GCC_WARN_UNINITIALIZED_AUTOS = YES_AGGRESSIVE;
				GCC_WARN_UNUSED_FUNCTION = YES;
				GCC_WARN_UNUSED_VARIABLE = YES;
				IPHONEOS_DEPLOYMENT_TARGET = 12.2;
				MTL_ENABLE_DEBUG_INFO = INCLUDE_SOURCE;
				MTL_FAST_MATH = YES;
				ONLY_ACTIVE_ARCH = YES;
				SDKROOT = iphoneos;
				SWIFT_ACTIVE_COMPILATION_CONDITIONS = DEBUG;
				SWIFT_OPTIMIZATION_LEVEL = "-Onone";
			};
			name = Debug;
		};
		D58A373224003153005FA62D /* Release */ = {
			isa = XCBuildConfiguration;
			buildSettings = {
				ALWAYS_SEARCH_USER_PATHS = NO;
				CLANG_ANALYZER_NONNULL = YES;
				CLANG_ANALYZER_NUMBER_OBJECT_CONVERSION = YES_AGGRESSIVE;
				CLANG_CXX_LANGUAGE_STANDARD = "gnu++14";
				CLANG_CXX_LIBRARY = "libc++";
				CLANG_ENABLE_MODULES = YES;
				CLANG_ENABLE_OBJC_ARC = YES;
				CLANG_ENABLE_OBJC_WEAK = YES;
				CLANG_WARN_BLOCK_CAPTURE_AUTORELEASING = YES;
				CLANG_WARN_BOOL_CONVERSION = YES;
				CLANG_WARN_COMMA = YES;
				CLANG_WARN_CONSTANT_CONVERSION = YES;
				CLANG_WARN_DEPRECATED_OBJC_IMPLEMENTATIONS = YES;
				CLANG_WARN_DIRECT_OBJC_ISA_USAGE = YES_ERROR;
				CLANG_WARN_DOCUMENTATION_COMMENTS = YES;
				CLANG_WARN_EMPTY_BODY = YES;
				CLANG_WARN_ENUM_CONVERSION = YES;
				CLANG_WARN_INFINITE_RECURSION = YES;
				CLANG_WARN_INT_CONVERSION = YES;
				CLANG_WARN_NON_LITERAL_NULL_CONVERSION = YES;
				CLANG_WARN_OBJC_IMPLICIT_RETAIN_SELF = YES;
				CLANG_WARN_OBJC_LITERAL_CONVERSION = YES;
				CLANG_WARN_OBJC_ROOT_CLASS = YES_ERROR;
				CLANG_WARN_RANGE_LOOP_ANALYSIS = YES;
				CLANG_WARN_STRICT_PROTOTYPES = YES;
				CLANG_WARN_SUSPICIOUS_MOVE = YES;
				CLANG_WARN_UNGUARDED_AVAILABILITY = YES_AGGRESSIVE;
				CLANG_WARN_UNREACHABLE_CODE = YES;
				CLANG_WARN__DUPLICATE_METHOD_MATCH = YES;
				CODE_SIGN_IDENTITY = "iPhone Developer";
				COPY_PHASE_STRIP = NO;
				DEBUG_INFORMATION_FORMAT = "dwarf-with-dsym";
				ENABLE_NS_ASSERTIONS = NO;
				ENABLE_STRICT_OBJC_MSGSEND = YES;
				GCC_C_LANGUAGE_STANDARD = gnu11;
				GCC_NO_COMMON_BLOCKS = YES;
				GCC_WARN_64_TO_32_BIT_CONVERSION = YES;
				GCC_WARN_ABOUT_RETURN_TYPE = YES_ERROR;
				GCC_WARN_UNDECLARED_SELECTOR = YES;
				GCC_WARN_UNINITIALIZED_AUTOS = YES_AGGRESSIVE;
				GCC_WARN_UNUSED_FUNCTION = YES;
				GCC_WARN_UNUSED_VARIABLE = YES;
				IPHONEOS_DEPLOYMENT_TARGET = 12.2;
				MTL_ENABLE_DEBUG_INFO = NO;
				MTL_FAST_MATH = YES;
				SDKROOT = iphoneos;
				SWIFT_COMPILATION_MODE = wholemodule;
				SWIFT_OPTIMIZATION_LEVEL = "-O";
				VALIDATE_PRODUCT = YES;
			};
			name = Release;
		};
		D58A373424003153005FA62D /* Debug */ = {
			isa = XCBuildConfiguration;
			buildSettings = {
				ASSETCATALOG_COMPILER_APPICON_NAME = AppIcon;
				CODE_SIGN_STYLE = Automatic;
				INFOPLIST_FILE = convertToHiragana/Info.plist;
				LD_RUNPATH_SEARCH_PATHS = (
					"$(inherited)",
					"@executable_path/Frameworks",
				);
				PRODUCT_BUNDLE_IDENTIFIER = haruusa.convertToHiragana;
				PRODUCT_NAME = "$(TARGET_NAME)";
				SWIFT_VERSION = 5.0;
				TARGETED_DEVICE_FAMILY = "1,2";
			};
			name = Debug;
		};
		D58A373524003153005FA62D /* Release */ = {
			isa = XCBuildConfiguration;
			buildSettings = {
				ASSETCATALOG_COMPILER_APPICON_NAME = AppIcon;
				CODE_SIGN_STYLE = Automatic;
				INFOPLIST_FILE = convertToHiragana/Info.plist;
				LD_RUNPATH_SEARCH_PATHS = (
					"$(inherited)",
					"@executable_path/Frameworks",
				);
				PRODUCT_BUNDLE_IDENTIFIER = haruusa.convertToHiragana;
				PRODUCT_NAME = "$(TARGET_NAME)";
				SWIFT_VERSION = 5.0;
				TARGETED_DEVICE_FAMILY = "1,2";
			};
			name = Release;
		};
		D58A373724003153005FA62D /* Debug */ = {
			isa = XCBuildConfiguration;
			buildSettings = {
				ALWAYS_EMBED_SWIFT_STANDARD_LIBRARIES = YES;
				BUNDLE_LOADER = "$(TEST_HOST)";
				CODE_SIGN_STYLE = Automatic;
				INFOPLIST_FILE = convertToHiraganaTests/Info.plist;
				LD_RUNPATH_SEARCH_PATHS = (
					"$(inherited)",
					"@executable_path/Frameworks",
					"@loader_path/Frameworks",
				);
				PRODUCT_BUNDLE_IDENTIFIER = haruusa.convertToHiraganaTests;
				PRODUCT_NAME = "$(TARGET_NAME)";
				SWIFT_VERSION = 5.0;
				TARGETED_DEVICE_FAMILY = "1,2";
				TEST_HOST = "$(BUILT_PRODUCTS_DIR)/convertToHiragana.app/convertToHiragana";
			};
			name = Debug;
		};
		D58A373824003153005FA62D /* Release */ = {
			isa = XCBuildConfiguration;
			buildSettings = {
				ALWAYS_EMBED_SWIFT_STANDARD_LIBRARIES = YES;
				BUNDLE_LOADER = "$(TEST_HOST)";
				CODE_SIGN_STYLE = Automatic;
				INFOPLIST_FILE = convertToHiraganaTests/Info.plist;
				LD_RUNPATH_SEARCH_PATHS = (
					"$(inherited)",
					"@executable_path/Frameworks",
					"@loader_path/Frameworks",
				);
				PRODUCT_BUNDLE_IDENTIFIER = haruusa.convertToHiraganaTests;
				PRODUCT_NAME = "$(TARGET_NAME)";
				SWIFT_VERSION = 5.0;
				TARGETED_DEVICE_FAMILY = "1,2";
				TEST_HOST = "$(BUILT_PRODUCTS_DIR)/convertToHiragana.app/convertToHiragana";
			};
			name = Release;
		};
		D58A373A24003153005FA62D /* Debug */ = {
			isa = XCBuildConfiguration;
			buildSettings = {
				ALWAYS_EMBED_SWIFT_STANDARD_LIBRARIES = YES;
				CODE_SIGN_STYLE = Automatic;
				INFOPLIST_FILE = convertToHiraganaUITests/Info.plist;
				LD_RUNPATH_SEARCH_PATHS = (
					"$(inherited)",
					"@executable_path/Frameworks",
					"@loader_path/Frameworks",
				);
				PRODUCT_BUNDLE_IDENTIFIER = haruusa.convertToHiraganaUITests;
				PRODUCT_NAME = "$(TARGET_NAME)";
				SWIFT_VERSION = 5.0;
				TARGETED_DEVICE_FAMILY = "1,2";
				TEST_TARGET_NAME = convertToHiragana;
			};
			name = Debug;
		};
		D58A373B24003153005FA62D /* Release */ = {
			isa = XCBuildConfiguration;
			buildSettings = {
				ALWAYS_EMBED_SWIFT_STANDARD_LIBRARIES = YES;
				CODE_SIGN_STYLE = Automatic;
				INFOPLIST_FILE = convertToHiraganaUITests/Info.plist;
				LD_RUNPATH_SEARCH_PATHS = (
					"$(inherited)",
					"@executable_path/Frameworks",
					"@loader_path/Frameworks",
				);
				PRODUCT_BUNDLE_IDENTIFIER = haruusa.convertToHiraganaUITests;
				PRODUCT_NAME = "$(TARGET_NAME)";
				SWIFT_VERSION = 5.0;
				TARGETED_DEVICE_FAMILY = "1,2";
				TEST_TARGET_NAME = convertToHiragana;
			};
			name = Release;
		};
/* End XCBuildConfiguration section */

/* Begin XCConfigurationList section */
		D58A370624003150005FA62D /* Build configuration list for PBXProject "convertToHiragana" */ = {
			isa = XCConfigurationList;
			buildConfigurations = (
				D58A373124003153005FA62D /* Debug */,
				D58A373224003153005FA62D /* Release */,
			);
			defaultConfigurationIsVisible = 0;
			defaultConfigurationName = Release;
		};
		D58A373324003153005FA62D /* Build configuration list for PBXNativeTarget "convertToHiragana" */ = {
			isa = XCConfigurationList;
			buildConfigurations = (
				D58A373424003153005FA62D /* Debug */,
				D58A373524003153005FA62D /* Release */,
			);
			defaultConfigurationIsVisible = 0;
			defaultConfigurationName = Release;
		};
		D58A373624003153005FA62D /* Build configuration list for PBXNativeTarget "convertToHiraganaTests" */ = {
			isa = XCConfigurationList;
			buildConfigurations = (
				D58A373724003153005FA62D /* Debug */,
				D58A373824003153005FA62D /* Release */,
			);
			defaultConfigurationIsVisible = 0;
			defaultConfigurationName = Release;
		};
		D58A373924003153005FA62D /* Build configuration list for PBXNativeTarget "convertToHiraganaUITests" */ = {
			isa = XCConfigurationList;
			buildConfigurations = (
				D58A373A24003153005FA62D /* Debug */,
				D58A373B24003153005FA62D /* Release */,
			);
			defaultConfigurationIsVisible = 0;
			defaultConfigurationName = Release;
		};
/* End XCConfigurationList section */
	};
	rootObject = D58A370324003150005FA62D /* Project object */;
}
